{
  "requires": true,
  "lockfileVersion": 1,
  "dependencies": {
    "jsbn-rsa": {
      "version": "1.0.3",
      "resolved": "https://registry.npmjs.org/jsbn-rsa/-/jsbn-rsa-1.0.3.tgz",
      "integrity": "sha512-mQIfIFLCok6A8IPsFUpvOIlQVS9ctcbbnznWDfpH4IFtt3GHq+qG4ujlcvBiGFY0T8/PCqkvSNFABd5zWMTeVg=="
    }
  }
}
